
Microsoft Visual Studio Solution File, Format Version 12.00
# Visual Studio Version 17
VisualStudioVersion = 17.8.34408.163
MinimumVisualStudioVersion = 10.0.40219.1
Project("{9A19103F-16F7-4668-BE54-9A1E7A4F7556}") = "Chapter6", "Chapter6\Chapter6.csproj", "{1572038C-19E1-462F-80A7-0CB4DDB76D96}"
EndProject
Project("{9A19103F-16F7-4668-BE54-9A1E7A4F7556}") = "Chapter7", "Chapter7\Chapter7.csproj", "{6B68D358-B132-4C50-AB65-B190FEB85ED2}"
EndProject
Project("{9A19103F-16F7-4668-BE54-9A1E7A4F7556}") = "Chapter8", "Chapter8\Chapter8.csproj", "{E01562EB-EE5A-4659-B9DC-4A191D6DF7F4}"
EndProject
Project("{9A19103F-16F7-4668-BE54-9A1E7A4F7556}") = "ChristmasTree", "ChristmasTree\ChristmasTree.csproj", "{FC1C7594-D638-4274-8BC8-3DC03D7BCB66}"
EndProject
Project("{9A19103F-16F7-4668-BE54-9A1E7A4F7556}") = "Week3", "Week3\Week3.csproj", "{4734167E-57BE-443C-9730-D44D90BE9D36}"
EndProject
Project("{9A19103F-16F7-4668-BE54-9A1E7A4F7556}") = "Week3D2", "Week3D2\Week3D2.csproj", "{9030468C-9950-4174-8144-D64E4E46D0AD}"
EndProject
Project("{9A19103F-16F7-4668-BE54-9A1E7A4F7556}") = "TrafficLight", "TrafficLight\TrafficLight.csproj", "{DDE4C5C1-B63E-471A-AE09-FD0084D74016}"
EndProject
Project("{9A19103F-16F7-4668-BE54-9A1E7A4F7556}") = "Debugging", "Debugging\Debugging.csproj", "{757092AC-6E5C-4B92-8F69-D9FDC294B138}"
EndProject
Project("{9A19103F-16F7-4668-BE54-9A1E7A4F7556}") = "ScratchPad", "ScratchPad\ScratchPad.csproj", "{E427E824-DC70-4158-98C2-96F35AE2E6BF}"
EndProject
Project("{9A19103F-16F7-4668-BE54-9A1E7A4F7556}") = "Week6Day1LP1P1", "Week6Day1\Week6Day1LP1P1.csproj", "{A8E8A534-502C-4F48-8C03-86301A895609}"
EndProject
Project("{9A19103F-16F7-4668-BE54-9A1E7A4F7556}") = "Week6Day2P1P3", "Week6Day2P1P3\Week6Day2P1P3.csproj", "{418B9762-9543-437F-87E6-CE5C88358B9A}"
EndProject
Project("{9A19103F-16F7-4668-BE54-9A1E7A4F7556}") = "Week6Day3P1", "Week6Day3P1\Week6Day3P1.csproj", "{D2FA0599-11D1-463C-85BE-4C104CF100C4}"
EndProject
Project("{9A19103F-16F7-4668-BE54-9A1E7A4F7556}") = "Week8Day3", "Week8Day3\Week8Day3.csproj", "{55EB70CC-0FAB-43A4-AC13-056164ADEC2B}"
EndProject
Project("{FAE04EC0-301F-11D3-BF4B-00C04F79EFBC}") = "Week8Day3P06A", "Week8Day3P06A\Week8Day3P06A.csproj", "{AEE80DAA-F1F0-4B3A-83E4-2F3096A2B303}"
EndProject
Global
	GlobalSection(SolutionConfigurationPlatforms) = preSolution
		Debug|Any CPU = Debug|Any CPU
		Release|Any CPU = Release|Any CPU
	EndGlobalSection
	GlobalSection(ProjectConfigurationPlatforms) = postSolution
		{1572038C-19E1-462F-80A7-0CB4DDB76D96}.Debug|Any CPU.ActiveCfg = Debug|Any CPU
		{1572038C-19E1-462F-80A7-0CB4DDB76D96}.Debug|Any CPU.Build.0 = Debug|Any CPU
		{1572038C-19E1-462F-80A7-0CB4DDB76D96}.Release|Any CPU.ActiveCfg = Release|Any CPU
		{1572038C-19E1-462F-80A7-0CB4DDB76D96}.Release|Any CPU.Build.0 = Release|Any CPU
		{6B68D358-B132-4C50-AB65-B190FEB85ED2}.Debug|Any CPU.ActiveCfg = Debug|Any CPU
		{6B68D358-B132-4C50-AB65-B190FEB85ED2}.Debug|Any CPU.Build.0 = Debug|Any CPU
		{6B68D358-B132-4C50-AB65-B190FEB85ED2}.Release|Any CPU.ActiveCfg = Release|Any CPU
		{6B68D358-B132-4C50-AB65-B190FEB85ED2}.Release|Any CPU.Build.0 = Release|Any CPU
		{E01562EB-EE5A-4659-B9DC-4A191D6DF7F4}.Debug|Any CPU.ActiveCfg = Debug|Any CPU
		{E01562EB-EE5A-4659-B9DC-4A191D6DF7F4}.Debug|Any CPU.Build.0 = Debug|Any CPU
		{E01562EB-EE5A-4659-B9DC-4A191D6DF7F4}.Release|Any CPU.ActiveCfg = Release|Any CPU
		{E01562EB-EE5A-4659-B9DC-4A191D6DF7F4}.Release|Any CPU.Build.0 = Release|Any CPU
		{FC1C7594-D638-4274-8BC8-3DC03D7BCB66}.Debug|Any CPU.ActiveCfg = Debug|Any CPU
		{FC1C7594-D638-4274-8BC8-3DC03D7BCB66}.Debug|Any CPU.Build.0 = Debug|Any CPU
		{FC1C7594-D638-4274-8BC8-3DC03D7BCB66}.Release|Any CPU.ActiveCfg = Release|Any CPU
		{FC1C7594-D638-4274-8BC8-3DC03D7BCB66}.Release|Any CPU.Build.0 = Release|Any CPU
		{4734167E-57BE-443C-9730-D44D90BE9D36}.Debug|Any CPU.ActiveCfg = Debug|Any CPU
		{4734167E-57BE-443C-9730-D44D90BE9D36}.Debug|Any CPU.Build.0 = Debug|Any CPU
		{4734167E-57BE-443C-9730-D44D90BE9D36}.Release|Any CPU.ActiveCfg = Release|Any CPU
		{4734167E-57BE-443C-9730-D44D90BE9D36}.Release|Any CPU.Build.0 = Release|Any CPU
		{9030468C-9950-4174-8144-D64E4E46D0AD}.Debug|Any CPU.ActiveCfg = Debug|Any CPU
		{9030468C-9950-4174-8144-D64E4E46D0AD}.Debug|Any CPU.Build.0 = Debug|Any CPU
		{9030468C-9950-4174-8144-D64E4E46D0AD}.Release|Any CPU.ActiveCfg = Release|Any CPU
		{9030468C-9950-4174-8144-D64E4E46D0AD}.Release|Any CPU.Build.0 = Release|Any CPU
		{DDE4C5C1-B63E-471A-AE09-FD0084D74016}.Debug|Any CPU.ActiveCfg = Debug|Any CPU
		{DDE4C5C1-B63E-471A-AE09-FD0084D74016}.Debug|Any CPU.Build.0 = Debug|Any CPU
		{DDE4C5C1-B63E-471A-AE09-FD0084D74016}.Release|Any CPU.ActiveCfg = Release|Any CPU
		{DDE4C5C1-B63E-471A-AE09-FD0084D74016}.Release|Any CPU.Build.0 = Release|Any CPU
		{757092AC-6E5C-4B92-8F69-D9FDC294B138}.Debug|Any CPU.ActiveCfg = Debug|Any CPU
		{757092AC-6E5C-4B92-8F69-D9FDC294B138}.Debug|Any CPU.Build.0 = Debug|Any CPU
		{757092AC-6E5C-4B92-8F69-D9FDC294B138}.Release|Any CPU.ActiveCfg = Release|Any CPU
		{757092AC-6E5C-4B92-8F69-D9FDC294B138}.Release|Any CPU.Build.0 = Release|Any CPU
		{E427E824-DC70-4158-98C2-96F35AE2E6BF}.Debug|Any CPU.ActiveCfg = Debug|Any CPU
		{E427E824-DC70-4158-98C2-96F35AE2E6BF}.Debug|Any CPU.Build.0 = Debug|Any CPU
		{E427E824-DC70-4158-98C2-96F35AE2E6BF}.Release|Any CPU.ActiveCfg = Release|Any CPU
		{E427E824-DC70-4158-98C2-96F35AE2E6BF}.Release|Any CPU.Build.0 = Release|Any CPU
		{A8E8A534-502C-4F48-8C03-86301A895609}.Debug|Any CPU.ActiveCfg = Debug|Any CPU
		{A8E8A534-502C-4F48-8C03-86301A895609}.Debug|Any CPU.Build.0 = Debug|Any CPU
		{A8E8A534-502C-4F48-8C03-86301A895609}.Release|Any CPU.ActiveCfg = Release|Any CPU
		{A8E8A534-502C-4F48-8C03-86301A895609}.Release|Any CPU.Build.0 = Release|Any CPU
		{418B9762-9543-437F-87E6-CE5C88358B9A}.Debug|Any CPU.ActiveCfg = Debug|Any CPU
		{418B9762-9543-437F-87E6-CE5C88358B9A}.Debug|Any CPU.Build.0 = Debug|Any CPU
		{418B9762-9543-437F-87E6-CE5C88358B9A}.Release|Any CPU.ActiveCfg = Release|Any CPU
		{418B9762-9543-437F-87E6-CE5C88358B9A}.Release|Any CPU.Build.0 = Release|Any CPU
		{D2FA0599-11D1-463C-85BE-4C104CF100C4}.Debug|Any CPU.ActiveCfg = Debug|Any CPU
		{D2FA0599-11D1-463C-85BE-4C104CF100C4}.Debug|Any CPU.Build.0 = Debug|Any CPU
		{D2FA0599-11D1-463C-85BE-4C104CF100C4}.Release|Any CPU.ActiveCfg = Release|Any CPU
		{D2FA0599-11D1-463C-85BE-4C104CF100C4}.Release|Any CPU.Build.0 = Release|Any CPU
		{55EB70CC-0FAB-43A4-AC13-056164ADEC2B}.Debug|Any CPU.ActiveCfg = Debug|Any CPU
		{55EB70CC-0FAB-43A4-AC13-056164ADEC2B}.Debug|Any CPU.Build.0 = Debug|Any CPU
		{55EB70CC-0FAB-43A4-AC13-056164ADEC2B}.Release|Any CPU.ActiveCfg = Release|Any CPU
		{55EB70CC-0FAB-43A4-AC13-056164ADEC2B}.Release|Any CPU.Build.0 = Release|Any CPU
		{AEE80DAA-F1F0-4B3A-83E4-2F3096A2B303}.Debug|Any CPU.ActiveCfg = Debug|Any CPU
		{AEE80DAA-F1F0-4B3A-83E4-2F3096A2B303}.Debug|Any CPU.Build.0 = Debug|Any CPU
		{AEE80DAA-F1F0-4B3A-83E4-2F3096A2B303}.Release|Any CPU.ActiveCfg = Release|Any CPU
		{AEE80DAA-F1F0-4B3A-83E4-2F3096A2B303}.Release|Any CPU.Build.0 = Release|Any CPU
	EndGlobalSection
	GlobalSection(SolutionProperties) = preSolution
		HideSolutionNode = FALSE
	EndGlobalSection
	GlobalSection(ExtensibilityGlobals) = postSolution
		SolutionGuid = {466DC19D-5141-4F88-B9C8-2DB208E1F73A}
	EndGlobalSection
EndGlobal
